
Microsoft Visual Studio Solution File, Format Version 12.00
# Visual Studio Version 17
VisualStudioVersion = 17.14.36121.58
MinimumVisualStudioVersion = 10.0.40219.1
Project("{FAE04EC0-301F-11D3-BF4B-00C04F79EFBC}") = "File Management", "File Management\File Management.csproj", "{2AF91752-1495-4A7C-89CB-2DA213011B9B}"
EndProject
Project("{FAE04EC0-301F-11D3-BF4B-00C04F79EFBC}") = "Simple", "Simple\Simple.csproj", "{75A824B6-F865-44D2-9AB6-F649F2CCAB17}"
EndProject
Project("{FAE04EC0-301F-11D3-BF4B-00C04F79EFBC}") = "File_Management_v1", "Simpler\File_Management_v1.csproj", "{9C8F4649-475C-462C-B0F6-C79E66116300}"
EndProject
Project("{FAE04EC0-301F-11D3-BF4B-00C04F79EFBC}") = "File_Management_v2", "File Management v2\File_Management_v2.csproj", "{3AA24E54-536D-0922-65C0-8CA48BA1CDF9}"
EndProject
Global
	GlobalSection(SolutionConfigurationPlatforms) = preSolution
		Debug|Any CPU = Debug|Any CPU
		Release|Any CPU = Release|Any CPU
	EndGlobalSection
	GlobalSection(ProjectConfigurationPlatforms) = postSolution
		{2AF91752-1495-4A7C-89CB-2DA213011B9B}.Debug|Any CPU.ActiveCfg = Debug|Any CPU
		{2AF91752-1495-4A7C-89CB-2DA213011B9B}.Debug|Any CPU.Build.0 = Debug|Any CPU
		{2AF91752-1495-4A7C-89CB-2DA213011B9B}.Release|Any CPU.ActiveCfg = Release|Any CPU
		{2AF91752-1495-4A7C-89CB-2DA213011B9B}.Release|Any CPU.Build.0 = Release|Any CPU
		{75A824B6-F865-44D2-9AB6-F649F2CCAB17}.Debug|Any CPU.ActiveCfg = Debug|Any CPU
		{75A824B6-F865-44D2-9AB6-F649F2CCAB17}.Debug|Any CPU.Build.0 = Debug|Any CPU
		{75A824B6-F865-44D2-9AB6-F649F2CCAB17}.Release|Any CPU.ActiveCfg = Release|Any CPU
		{75A824B6-F865-44D2-9AB6-F649F2CCAB17}.Release|Any CPU.Build.0 = Release|Any CPU
		{9C8F4649-475C-462C-B0F6-C79E66116300}.Debug|Any CPU.ActiveCfg = Debug|Any CPU
		{9C8F4649-475C-462C-B0F6-C79E66116300}.Debug|Any CPU.Build.0 = Debug|Any CPU
		{9C8F4649-475C-462C-B0F6-C79E66116300}.Release|Any CPU.ActiveCfg = Release|Any CPU
		{9C8F4649-475C-462C-B0F6-C79E66116300}.Release|Any CPU.Build.0 = Release|Any CPU
		{3AA24E54-536D-0922-65C0-8CA48BA1CDF9}.Debug|Any CPU.ActiveCfg = Debug|Any CPU
		{3AA24E54-536D-0922-65C0-8CA48BA1CDF9}.Debug|Any CPU.Build.0 = Debug|Any CPU
		{3AA24E54-536D-0922-65C0-8CA48BA1CDF9}.Release|Any CPU.ActiveCfg = Release|Any CPU
		{3AA24E54-536D-0922-65C0-8CA48BA1CDF9}.Release|Any CPU.Build.0 = Release|Any CPU
	EndGlobalSection
	GlobalSection(SolutionProperties) = preSolution
		HideSolutionNode = FALSE
	EndGlobalSection
	GlobalSection(ExtensibilityGlobals) = postSolution
		SolutionGuid = {E052BA3C-621A-42B5-B167-883968AFFECA}
	EndGlobalSection
EndGlobal
